
Microsoft Visual Studio Solution File, Format Version 12.00
# Visual Studio Version 17
VisualStudioVersion = 17.14.36623.8
MinimumVisualStudioVersion = 10.0.40219.1
Project("{8BC9CEB8-8B4A-11D0-8D11-00A0C91BC942}") = "NikonMaidWrapper", "NikonMaidWrapper.vcxproj", "{8ECA5DD0-0A6A-4828-AC63-52B917439BC1}"
EndProject
Project("{FAE04EC0-301F-11D3-BF4B-00C04F79EFBC}") = "NikonBridge", "..\NikonBridge\NikonBridge.csproj", "{B9648317-BDB4-B1C8-0EBB-850B23436A75}"
EndProject
Global
	GlobalSection(SolutionConfigurationPlatforms) = preSolution
		Debug|Any CPU = Debug|Any CPU
		Debug|x64 = Debug|x64
		Debug|x86 = Debug|x86
		Release|Any CPU = Release|Any CPU
		Release|x64 = Release|x64
		Release|x86 = Release|x86
	EndGlobalSection
	GlobalSection(ProjectConfigurationPlatforms) = postSolution
		{8ECA5DD0-0A6A-4828-AC63-52B917439BC1}.Debug|Any CPU.ActiveCfg = Debug|x64
		{8ECA5DD0-0A6A-4828-AC63-52B917439BC1}.Debug|Any CPU.Build.0 = Debug|x64
		{8ECA5DD0-0A6A-4828-AC63-52B917439BC1}.Debug|x64.ActiveCfg = Debug|x64
		{8ECA5DD0-0A6A-4828-AC63-52B917439BC1}.Debug|x64.Build.0 = Debug|x64
		{8ECA5DD0-0A6A-4828-AC63-52B917439BC1}.Debug|x86.ActiveCfg = Debug|Win32
		{8ECA5DD0-0A6A-4828-AC63-52B917439BC1}.Debug|x86.Build.0 = Debug|Win32
		{8ECA5DD0-0A6A-4828-AC63-52B917439BC1}.Release|Any CPU.ActiveCfg = Release|x64
		{8ECA5DD0-0A6A-4828-AC63-52B917439BC1}.Release|Any CPU.Build.0 = Release|x64
		{8ECA5DD0-0A6A-4828-AC63-52B917439BC1}.Release|x64.ActiveCfg = Release|x64
		{8ECA5DD0-0A6A-4828-AC63-52B917439BC1}.Release|x64.Build.0 = Release|x64
		{8ECA5DD0-0A6A-4828-AC63-52B917439BC1}.Release|x86.ActiveCfg = Release|Win32
		{8ECA5DD0-0A6A-4828-AC63-52B917439BC1}.Release|x86.Build.0 = Release|Win32
		{B9648317-BDB4-B1C8-0EBB-850B23436A75}.Debug|Any CPU.ActiveCfg = Debug|Any CPU
		{B9648317-BDB4-B1C8-0EBB-850B23436A75}.Debug|Any CPU.Build.0 = Debug|Any CPU
		{B9648317-BDB4-B1C8-0EBB-850B23436A75}.Debug|x64.ActiveCfg = Debug|x64
		{B9648317-BDB4-B1C8-0EBB-850B23436A75}.Debug|x64.Build.0 = Debug|x64
		{B9648317-BDB4-B1C8-0EBB-850B23436A75}.Debug|x86.ActiveCfg = Debug|Any CPU
		{B9648317-BDB4-B1C8-0EBB-850B23436A75}.Debug|x86.Build.0 = Debug|Any CPU
		{B9648317-BDB4-B1C8-0EBB-850B23436A75}.Release|Any CPU.ActiveCfg = Release|Any CPU
		{B9648317-BDB4-B1C8-0EBB-850B23436A75}.Release|Any CPU.Build.0 = Release|Any CPU
		{B9648317-BDB4-B1C8-0EBB-850B23436A75}.Release|x64.ActiveCfg = Release|Any CPU
		{B9648317-BDB4-B1C8-0EBB-850B23436A75}.Release|x64.Build.0 = Release|Any CPU
		{B9648317-BDB4-B1C8-0EBB-850B23436A75}.Release|x86.ActiveCfg = Release|Any CPU
		{B9648317-BDB4-B1C8-0EBB-850B23436A75}.Release|x86.Build.0 = Release|Any CPU
	EndGlobalSection
	GlobalSection(SolutionProperties) = preSolution
		HideSolutionNode = FALSE
	EndGlobalSection
	GlobalSection(ExtensibilityGlobals) = postSolution
		SolutionGuid = {92D35829-7DAE-4937-A73B-3911176F63E1}
	EndGlobalSection
EndGlobal
